// !$*UTF8*$!
{
	archiveVersion = 1;
	classes = {
	};
	objectVersion = 56;
	objects = {

/* Begin PBXBuildFile section */
		A10000000000000000000201 /* KenteiApp.swift in Sources */ = {isa = PBXBuildFile; fileRef = A10000000000000000000100 /* KenteiApp.swift */; };
		A10000000000000000000202 /* RootView.swift in Sources */ = {isa = PBXBuildFile; fileRef = A10000000000000000000101 /* RootView.swift */; };
		A10000000000000000000203 /* LearningSessionState.swift in Sources */ = {isa = PBXBuildFile; fileRef = A10000000000000000000102 /* LearningSessionState.swift */; };
		A10000000000000000000204 /* KenteiTheme.swift in Sources */ = {isa = PBXBuildFile; fileRef = A10000000000000000000103 /* KenteiTheme.swift */; };
		A10000000000000000000205 /* KenteiComponents.swift in Sources */ = {isa = PBXBuildFile; fileRef = A10000000000000000000104 /* KenteiComponents.swift */; };
		A10000000000000000000206 /* HomeView.swift in Sources */ = {isa = PBXBuildFile; fileRef = A10000000000000000000105 /* HomeView.swift */; };
		A10000000000000000000207 /* LearningSessionView.swift in Sources */ = {isa = PBXBuildFile; fileRef = A10000000000000000000106 /* LearningSessionView.swift */; };
		A10000000000000000000208 /* ScenarioAtlasView.swift in Sources */ = {isa = PBXBuildFile; fileRef = A10000000000000000000107 /* ScenarioAtlasView.swift */; };
		A10000000000000000000209 /* SupportingViews.swift in Sources */ = {isa = PBXBuildFile; fileRef = A10000000000000000000108 /* SupportingViews.swift */; };
		A10000000000000000000210 /* Assets.xcassets in Resources */ = {isa = PBXBuildFile; fileRef = A10000000000000000000109 /* Assets.xcassets */; };
		A10000000000000000000211 /* Localizable.xcstrings in Resources */ = {isa = PBXBuildFile; fileRef = A10000000000000000000110 /* Localizable.xcstrings */; };
		A10000000000000000000212 /* LearningSessionStateTests.swift in Sources */ = {isa = PBXBuildFile; fileRef = A10000000000000000000111 /* LearningSessionStateTests.swift */; };
		A10000000000000000000213 /* XCTest.framework in Frameworks */ = {isa = PBXBuildFile; fileRef = A10000000000000000000112 /* XCTest.framework */; };
/* End PBXBuildFile section */

/* Begin PBXContainerItemProxy section */
		A10000000000000000000300 /* PBXContainerItemProxy */ = {
			isa = PBXContainerItemProxy;
			containerPortal = A10000000000000000000001 /* Project object */;
			proxyType = 1;
			remoteGlobalIDString = A10000000000000000000008;
			remoteInfo = Kentei;
		};
/* End PBXContainerItemProxy section */

/* Begin PBXFileReference section */
		A10000000000000000000006 /* Kentei.app */ = {isa = PBXFileReference; explicitFileType = wrapper.application; includeInIndex = 0; path = Kentei.app; sourceTree = BUILT_PRODUCTS_DIR; };
		A10000000000000000000007 /* KenteiTests.xctest */ = {isa = PBXFileReference; explicitFileType = wrapper.cfbundle; includeInIndex = 0; path = KenteiTests.xctest; sourceTree = BUILT_PRODUCTS_DIR; };
		A10000000000000000000100 /* KenteiApp.swift */ = {isa = PBXFileReference; lastKnownFileType = sourcecode.swift; path = App/KenteiApp.swift; sourceTree = "<group>"; };
		A10000000000000000000101 /* RootView.swift */ = {isa = PBXFileReference; lastKnownFileType = sourcecode.swift; path = App/RootView.swift; sourceTree = "<group>"; };
		A10000000000000000000102 /* LearningSessionState.swift */ = {isa = PBXFileReference; lastKnownFileType = sourcecode.swift; path = Domain/LearningSessionState.swift; sourceTree = "<group>"; };
		A10000000000000000000103 /* KenteiTheme.swift */ = {isa = PBXFileReference; lastKnownFileType = sourcecode.swift; path = DesignSystem/KenteiTheme.swift; sourceTree = "<group>"; };
		A10000000000000000000104 /* KenteiComponents.swift */ = {isa = PBXFileReference; lastKnownFileType = sourcecode.swift; path = DesignSystem/KenteiComponents.swift; sourceTree = "<group>"; };
		A10000000000000000000105 /* HomeView.swift */ = {isa = PBXFileReference; lastKnownFileType = sourcecode.swift; path = Features/Home/HomeView.swift; sourceTree = "<group>"; };
		A10000000000000000000106 /* LearningSessionView.swift */ = {isa = PBXFileReference; lastKnownFileType = sourcecode.swift; path = Features/Learning/LearningSessionView.swift; sourceTree = "<group>"; };
		A10000000000000000000107 /* ScenarioAtlasView.swift */ = {isa = PBXFileReference; lastKnownFileType = sourcecode.swift; path = Features/ScenarioAtlas/ScenarioAtlasView.swift; sourceTree = "<group>"; };
		A10000000000000000000108 /* SupportingViews.swift */ = {isa = PBXFileReference; lastKnownFileType = sourcecode.swift; path = Features/Supporting/SupportingViews.swift; sourceTree = "<group>"; };
		A10000000000000000000109 /* Assets.xcassets */ = {isa = PBXFileReference; lastKnownFileType = folder.assetcatalog; path = Resources/Assets.xcassets; sourceTree = "<group>"; };
		A10000000000000000000110 /* Localizable.xcstrings */ = {isa = PBXFileReference; lastKnownFileType = text.json.xcstrings; path = Resources/Localizable.xcstrings; sourceTree = "<group>"; };
		A10000000000000000000111 /* LearningSessionStateTests.swift */ = {isa = PBXFileReference; lastKnownFileType = sourcecode.swift; path = LearningSessionStateTests.swift; sourceTree = "<group>"; };
		A10000000000000000000112 /* XCTest.framework */ = {isa = PBXFileReference; lastKnownFileType = wrapper.framework; name = XCTest.framework; path = System/Library/Frameworks/XCTest.framework; sourceTree = SDKROOT; };
/* End PBXFileReference section */

/* Begin PBXFrameworksBuildPhase section */
		A10000000000000000000012 /* Frameworks */ = {
			isa = PBXFrameworksBuildPhase;
			buildActionMask = 2147483647;
			files = (
			);
			runOnlyForDeploymentPostprocessing = 0;
		};
		A10000000000000000000013 /* Frameworks */ = {
			isa = PBXFrameworksBuildPhase;
			buildActionMask = 2147483647;
			files = (
				A10000000000000000000213 /* XCTest.framework in Frameworks */,
			);
			runOnlyForDeploymentPostprocessing = 0;
		};
/* End PBXFrameworksBuildPhase section */

/* Begin PBXGroup section */
		A10000000000000000000002 = {
			isa = PBXGroup;
			children = (
				A10000000000000000000004 /* Kentei */,
				A10000000000000000000005 /* KenteiTests */,
				A10000000000000000000112 /* XCTest.framework */,
				A10000000000000000000003 /* Products */,
			);
			sourceTree = "<group>";
		};
		A10000000000000000000003 /* Products */ = {
			isa = PBXGroup;
			children = (
				A10000000000000000000006 /* Kentei.app */,
				A10000000000000000000007 /* KenteiTests.xctest */,
			);
			name = Products;
			sourceTree = "<group>";
		};
		A10000000000000000000004 /* Kentei */ = {
			isa = PBXGroup;
			children = (
				A10000000000000000000100 /* KenteiApp.swift */,
				A10000000000000000000101 /* RootView.swift */,
				A10000000000000000000102 /* LearningSessionState.swift */,
				A10000000000000000000103 /* KenteiTheme.swift */,
				A10000000000000000000104 /* KenteiComponents.swift */,
				A10000000000000000000105 /* HomeView.swift */,
				A10000000000000000000106 /* LearningSessionView.swift */,
				A10000000000000000000107 /* ScenarioAtlasView.swift */,
				A10000000000000000000108 /* SupportingViews.swift */,
				A10000000000000000000109 /* Assets.xcassets */,
				A10000000000000000000110 /* Localizable.xcstrings */,
			);
			path = Kentei;
			sourceTree = "<group>";
		};
		A10000000000000000000005 /* KenteiTests */ = {
			isa = PBXGroup;
			children = (
				A10000000000000000000111 /* LearningSessionStateTests.swift */,
			);
			path = KenteiTests;
			sourceTree = "<group>";
		};
/* End PBXGroup section */

/* Begin PBXNativeTarget section */
		A10000000000000000000008 /* Kentei */ = {
			isa = PBXNativeTarget;
			buildConfigurationList = A10000000000000000000017 /* Build configuration list for PBXNativeTarget "Kentei" */;
			buildPhases = (
				A10000000000000000000010 /* Sources */,
				A10000000000000000000012 /* Frameworks */,
				A10000000000000000000014 /* Resources */,
			);
			buildRules = (
			);
			dependencies = (
			);
			name = Kentei;
			productName = Kentei;
			productReference = A10000000000000000000006 /* Kentei.app */;
			productType = "com.apple.product-type.application";
		};
		A10000000000000000000009 /* KenteiTests */ = {
			isa = PBXNativeTarget;
			buildConfigurationList = A10000000000000000000018 /* Build configuration list for PBXNativeTarget "KenteiTests" */;
			buildPhases = (
				A10000000000000000000011 /* Sources */,
				A10000000000000000000013 /* Frameworks */,
				A10000000000000000000015 /* Resources */,
			);
			buildRules = (
			);
			dependencies = (
				A10000000000000000000301 /* PBXTargetDependency */,
			);
			name = KenteiTests;
			productName = KenteiTests;
			productReference = A10000000000000000000007 /* KenteiTests.xctest */;
			productType = "com.apple.product-type.bundle.unit-test";
		};
/* End PBXNativeTarget section */

/* Begin PBXProject section */
		A10000000000000000000001 /* Project object */ = {
			isa = PBXProject;
			attributes = {
				BuildIndependentTargetsInParallel = 1;
				LastSwiftUpdateCheck = 2630;
				LastUpgradeCheck = 2630;
				TargetAttributes = {
					A10000000000000000000008 = {
						CreatedOnToolsVersion = 26.3;
					};
					A10000000000000000000009 = {
						CreatedOnToolsVersion = 26.3;
						TestTargetID = A10000000000000000000008;
					};
				};
			};
			buildConfigurationList = A10000000000000000000016 /* Build configuration list for PBXProject "Kentei" */;
			compatibilityVersion = "Xcode 14.0";
			developmentRegion = ja;
			hasScannedForEncodings = 0;
			knownRegions = (
				ja,
				id,
				Base,
			);
			mainGroup = A10000000000000000000002;
			productRefGroup = A10000000000000000000003 /* Products */;
			projectDirPath = "";
			projectRoot = "";
			targets = (
				A10000000000000000000008 /* Kentei */,
				A10000000000000000000009 /* KenteiTests */,
			);
		};
/* End PBXProject section */

/* Begin PBXResourcesBuildPhase section */
		A10000000000000000000014 /* Resources */ = {
			isa = PBXResourcesBuildPhase;
			buildActionMask = 2147483647;
			files = (
				A10000000000000000000210 /* Assets.xcassets in Resources */,
				A10000000000000000000211 /* Localizable.xcstrings in Resources */,
			);
			runOnlyForDeploymentPostprocessing = 0;
		};
		A10000000000000000000015 /* Resources */ = {
			isa = PBXResourcesBuildPhase;
			buildActionMask = 2147483647;
			files = (
			);
			runOnlyForDeploymentPostprocessing = 0;
		};
/* End PBXResourcesBuildPhase section */

/* Begin PBXSourcesBuildPhase section */
		A10000000000000000000010 /* Sources */ = {
			isa = PBXSourcesBuildPhase;
			buildActionMask = 2147483647;
			files = (
				A10000000000000000000201 /* KenteiApp.swift in Sources */,
				A10000000000000000000202 /* RootView.swift in Sources */,
				A10000000000000000000203 /* LearningSessionState.swift in Sources */,
				A10000000000000000000204 /* KenteiTheme.swift in Sources */,
				A10000000000000000000205 /* KenteiComponents.swift in Sources */,
				A10000000000000000000206 /* HomeView.swift in Sources */,
				A10000000000000000000207 /* LearningSessionView.swift in Sources */,
				A10000000000000000000208 /* ScenarioAtlasView.swift in Sources */,
				A10000000000000000000209 /* SupportingViews.swift in Sources */,
			);
			runOnlyForDeploymentPostprocessing = 0;
		};
		A10000000000000000000011 /* Sources */ = {
			isa = PBXSourcesBuildPhase;
			buildActionMask = 2147483647;
			files = (
				A10000000000000000000212 /* LearningSessionStateTests.swift in Sources */,
			);
			runOnlyForDeploymentPostprocessing = 0;
		};
/* End PBXSourcesBuildPhase section */

/* Begin PBXTargetDependency section */
		A10000000000000000000301 /* PBXTargetDependency */ = {
			isa = PBXTargetDependency;
			target = A10000000000000000000008 /* Kentei */;
			targetProxy = A10000000000000000000300 /* PBXContainerItemProxy */;
		};
/* End PBXTargetDependency section */

/* Begin XCBuildConfiguration section */
		A10000000000000000000019 /* Debug */ = {
			isa = XCBuildConfiguration;
			buildSettings = {
				ALWAYS_SEARCH_USER_PATHS = NO;
				CLANG_ENABLE_MODULES = YES;
				CLANG_ENABLE_OBJC_ARC = YES;
				COPY_PHASE_STRIP = NO;
				DEBUG_INFORMATION_FORMAT = dwarf;
				ENABLE_TESTABILITY = YES;
				GCC_C_LANGUAGE_STANDARD = gnu17;
				GCC_OPTIMIZATION_LEVEL = 0;
				IPHONEOS_DEPLOYMENT_TARGET = 17.0;
				MTL_ENABLE_DEBUG_INFO = INCLUDE_SOURCE;
				ONLY_ACTIVE_ARCH = YES;
				SDKROOT = iphoneos;
				SWIFT_ACTIVE_COMPILATION_CONDITIONS = "DEBUG $(inherited)";
				SWIFT_OPTIMIZATION_LEVEL = "-Onone";
			};
			name = Debug;
		};
		A10000000000000000000020 /* Release */ = {
			isa = XCBuildConfiguration;
			buildSettings = {
				ALWAYS_SEARCH_USER_PATHS = NO;
				CLANG_ENABLE_MODULES = YES;
				CLANG_ENABLE_OBJC_ARC = YES;
				COPY_PHASE_STRIP = YES;
				DEBUG_INFORMATION_FORMAT = "dwarf-with-dsym";
				GCC_C_LANGUAGE_STANDARD = gnu17;
				IPHONEOS_DEPLOYMENT_TARGET = 17.0;
				MTL_ENABLE_DEBUG_INFO = NO;
				SDKROOT = iphoneos;
				SWIFT_COMPILATION_MODE = wholemodule;
		};
			name = Release;
		};
		A10000000000000000000021 /* Debug */ = {
			isa = XCBuildConfiguration;
			buildSettings = {
				ASSETCATALOG_COMPILER_APPICON_NAME = AppIcon;
				ASSETCATALOG_COMPILER_GLOBAL_ACCENT_COLOR_NAME = AccentColor;
				CODE_SIGN_STYLE = Automatic;
				CURRENT_PROJECT_VERSION = 1;
				ENABLE_PREVIEWS = YES;
				GENERATE_INFOPLIST_FILE = YES;
				INFOPLIST_KEY_CFBundleDisplayName = Kentei;
				INFOPLIST_KEY_LSApplicationCategoryType = "public.app-category.education";
				INFOPLIST_KEY_UIApplicationSceneManifest_Generation = YES;
				INFOPLIST_KEY_UIApplicationSupportsIndirectInputEvents = YES;
				INFOPLIST_KEY_UILaunchScreen_Generation = YES;
				IPHONEOS_DEPLOYMENT_TARGET = 17.0;
				MARKETING_VERSION = 1.0;
				PRODUCT_BUNDLE_IDENTIFIER = com.example.KenteiPrototype;
				PRODUCT_NAME = "$(TARGET_NAME)";
				SWIFT_EMIT_LOC_STRINGS = YES;
				SWIFT_STRICT_CONCURRENCY = complete;
				SWIFT_VERSION = 6.0;
				TARGETED_DEVICE_FAMILY = "1,2";
			};
			name = Debug;
		};
		A10000000000000000000022 /* Release */ = {
			isa = XCBuildConfiguration;
			buildSettings = {
				ASSETCATALOG_COMPILER_APPICON_NAME = AppIcon;
				ASSETCATALOG_COMPILER_GLOBAL_ACCENT_COLOR_NAME = AccentColor;
				CODE_SIGN_STYLE = Automatic;
				CURRENT_PROJECT_VERSION = 1;
				GENERATE_INFOPLIST_FILE = YES;
				INFOPLIST_KEY_CFBundleDisplayName = Kentei;
				INFOPLIST_KEY_LSApplicationCategoryType = "public.app-category.education";
				INFOPLIST_KEY_UIApplicationSceneManifest_Generation = YES;
				INFOPLIST_KEY_UIApplicationSupportsIndirectInputEvents = YES;
				INFOPLIST_KEY_UILaunchScreen_Generation = YES;
				IPHONEOS_DEPLOYMENT_TARGET = 17.0;
				MARKETING_VERSION = 1.0;
				PRODUCT_BUNDLE_IDENTIFIER = com.example.KenteiPrototype;
				PRODUCT_NAME = "$(TARGET_NAME)";
				SWIFT_EMIT_LOC_STRINGS = YES;
				SWIFT_STRICT_CONCURRENCY = complete;
				SWIFT_VERSION = 6.0;
				TARGETED_DEVICE_FAMILY = "1,2";
				VALIDATE_PRODUCT = YES;
			};
			name = Release;
		};
		A10000000000000000000023 /* Debug */ = {
			isa = XCBuildConfiguration;
			buildSettings = {
				BUNDLE_LOADER = "$(TEST_HOST)";
				CODE_SIGN_STYLE = Automatic;
				GENERATE_INFOPLIST_FILE = YES;
				IPHONEOS_DEPLOYMENT_TARGET = 17.0;
				PRODUCT_BUNDLE_IDENTIFIER = com.example.KenteiPrototypeTests;
				PRODUCT_NAME = "$(TARGET_NAME)";
				SWIFT_STRICT_CONCURRENCY = complete;
				SWIFT_VERSION = 6.0;
				TARGETED_DEVICE_FAMILY = "1,2";
				TEST_HOST = "$(BUILT_PRODUCTS_DIR)/Kentei.app/$(BUNDLE_EXECUTABLE_FOLDER_PATH)/Kentei";
			};
			name = Debug;
		};
		A10000000000000000000024 /* Release */ = {
			isa = XCBuildConfiguration;
			buildSettings = {
				BUNDLE_LOADER = "$(TEST_HOST)";
				CODE_SIGN_STYLE = Automatic;
				GENERATE_INFOPLIST_FILE = YES;
				IPHONEOS_DEPLOYMENT_TARGET = 17.0;
				PRODUCT_BUNDLE_IDENTIFIER = com.example.KenteiPrototypeTests;
				PRODUCT_NAME = "$(TARGET_NAME)";
				SWIFT_STRICT_CONCURRENCY = complete;
				SWIFT_VERSION = 6.0;
				TARGETED_DEVICE_FAMILY = "1,2";
				TEST_HOST = "$(BUILT_PRODUCTS_DIR)/Kentei.app/$(BUNDLE_EXECUTABLE_FOLDER_PATH)/Kentei";
			};
			name = Release;
		};
/* End XCBuildConfiguration section */

/* Begin XCConfigurationList section */
		A10000000000000000000016 /* Build configuration list for PBXProject "Kentei" */ = {
			isa = XCConfigurationList;
			buildConfigurations = (
				A10000000000000000000019 /* Debug */,
				A10000000000000000000020 /* Release */,
			);
			defaultConfigurationIsVisible = 0;
			defaultConfigurationName = Release;
		};
		A10000000000000000000017 /* Build configuration list for PBXNativeTarget "Kentei" */ = {
			isa = XCConfigurationList;
			buildConfigurations = (
				A10000000000000000000021 /* Debug */,
				A10000000000000000000022 /* Release */,
			);
			defaultConfigurationIsVisible = 0;
			defaultConfigurationName = Release;
		};
		A10000000000000000000018 /* Build configuration list for PBXNativeTarget "KenteiTests" */ = {
			isa = XCConfigurationList;
			buildConfigurations = (
				A10000000000000000000023 /* Debug */,
				A10000000000000000000024 /* Release */,
			);
			defaultConfigurationIsVisible = 0;
			defaultConfigurationName = Release;
		};
/* End XCConfigurationList section */
	};
	rootObject = A10000000000000000000001 /* Project object */;
}

