// !$*UTF8*$!
{
	archiveVersion = 1;
	classes = {
	};
	objectVersion = 56;
	objects = {

/* Begin PBXBuildFile section */
		B10000000000000000000200 /* OralTask.swift in Sources */ = {isa = PBXBuildFile; fileRef = B10000000000000000000100; };
		B10000000000000000000201 /* OralRecordingService.swift in Sources */ = {isa = PBXBuildFile; fileRef = B10000000000000000000101; };
		B10000000000000000000202 /* OralTaskModel.swift in Sources */ = {isa = PBXBuildFile; fileRef = B10000000000000000000102; };
		B10000000000000000000203 /* OralTaskView.swift in Sources */ = {isa = PBXBuildFile; fileRef = B10000000000000000000103; };
		A10000000000000000000201 /* KenteiApp.swift in Sources */ = {isa = PBXBuildFile; fileRef = A10000000000000000000100 /* KenteiApp.swift */; };
		A10000000000000000000202 /* RootView.swift in Sources */ = {isa = PBXBuildFile; fileRef = A10000000000000000000101 /* RootView.swift */; };
		A10000000000000000000203 /* LearningSessionState.swift in Sources */ = {isa = PBXBuildFile; fileRef = A10000000000000000000102 /* LearningSessionState.swift */; };
		A10000000000000000000204 /* KenteiTheme.swift in Sources */ = {isa = PBXBuildFile; fileRef = A10000000000000000000103 /* KenteiTheme.swift */; };
		A10000000000000000000205 /* KenteiComponents.swift in Sources */ = {isa = PBXBuildFile; fileRef = A10000000000000000000104 /* KenteiComponents.swift */; };
		A10000000000000000000206 /* HomeView.swift in Sources */ = {isa = PBXBuildFile; fileRef = A10000000000000000000105 /* HomeView.swift */; };
		A10000000000000000000207 /* LearningSessionView.swift in Sources */ = {isa = PBXBuildFile; fileRef = A10000000000000000000106 /* LearningSessionView.swift */; };
		A10000000000000000000208 /* ScenarioAtlasView.swift in Sources */ = {isa = PBXBuildFile; fileRef = A10000000000000000000107 /* ScenarioAtlasView.swift */; };
		A10000000000000000000209 /* SupportingViews.swift in Sources */ = {isa = PBXBuildFile; fileRef = A10000000000000000000108 /* SupportingViews.swift */; };
		A10000000000000000000210 /* Assets.xcassets in Resources */ = {isa = PBXBuildFile; fileRef = A10000000000000000000109 /* Assets.xcassets */; };
		A10000000000000000000211 /* Localizable.xcstrings in Resources */ = {isa = PBXBuildFile; fileRef = A10000000000000000000110 /* Localizable.xcstrings */; };
		B10000000000000000000204 /* InfoPlist.xcstrings in Resources */ = {isa = PBXBuildFile; fileRef = B10000000000000000000104 /* InfoPlist.xcstrings */; };
		A10000000000000000000212 /* LearningSessionStateTests.swift in Sources */ = {isa = PBXBuildFile; fileRef = A10000000000000000000111 /* LearningSessionStateTests.swift */; };
		A10000000000000000000213 /* XCTest.framework in Frameworks */ = {isa = PBXBuildFile; fileRef = A10000000000000000000112 /* XCTest.framework */; };
		A10000000000000000000214 /* AppModel.swift in Sources */ = {isa = PBXBuildFile; fileRef = A10000000000000000000113 /* AppModel.swift */; };
		A10000000000000000000215 /* SystemDependencies.swift in Sources */ = {isa = PBXBuildFile; fileRef = A10000000000000000000114 /* SystemDependencies.swift */; };
		A10000000000000000000216 /* LearningSessionSnapshot.swift in Sources */ = {isa = PBXBuildFile; fileRef = A10000000000000000000115 /* LearningSessionSnapshot.swift */; };
		A10000000000000000000217 /* LearningSessionStore.swift in Sources */ = {isa = PBXBuildFile; fileRef = A10000000000000000000116 /* LearningSessionStore.swift */; };
		A10000000000000000000218 /* LearningSessionModel.swift in Sources */ = {isa = PBXBuildFile; fileRef = A10000000000000000000117 /* LearningSessionModel.swift */; };
		A10000000000000000000219 /* QuestionAudio.swift in Sources */ = {isa = PBXBuildFile; fileRef = A10000000000000000000118 /* QuestionAudio.swift */; };
		A10000000000000000000220 /* SpeechQuestionAudioPlayer.swift in Sources */ = {isa = PBXBuildFile; fileRef = A10000000000000000000119 /* SpeechQuestionAudioPlayer.swift */; };
		A10000000000000000000221 /* LearningPreferences.swift in Sources */ = {isa = PBXBuildFile; fileRef = A10000000000000000000120 /* LearningPreferences.swift */; };
		A10000000000000000000222 /* TestDoubles.swift in Sources */ = {isa = PBXBuildFile; fileRef = A10000000000000000000121 /* TestDoubles.swift */; };
		A10000000000000000000223 /* LearningSessionPersistenceTests.swift in Sources */ = {isa = PBXBuildFile; fileRef = A10000000000000000000122 /* LearningSessionPersistenceTests.swift */; };
		A10000000000000000000224 /* LearningSessionModelTests.swift in Sources */ = {isa = PBXBuildFile; fileRef = A10000000000000000000123 /* LearningSessionModelTests.swift */; };
		A10000000000000000000225 /* DemoLearningContent.swift in Sources */ = {isa = PBXBuildFile; fileRef = A10000000000000000000124 /* DemoLearningContent.swift */; };
		A10000000000000000000226 /* LearnerProfile.swift in Sources */ = {isa = PBXBuildFile; fileRef = A10000000000000000000125 /* LearnerProfile.swift */; };
		A10000000000000000000227 /* OnboardingView.swift in Sources */ = {isa = PBXBuildFile; fileRef = A10000000000000000000126 /* OnboardingView.swift */; };
		A10000000000000000000228 /* OnboardingTests.swift in Sources */ = {isa = PBXBuildFile; fileRef = A10000000000000000000127 /* OnboardingTests.swift */; };
		A10000000000000000000229 /* XCTest.framework in Frameworks */ = {isa = PBXBuildFile; fileRef = A10000000000000000000112 /* XCTest.framework */; };
		A10000000000000000000230 /* LearningFlowUITests.swift in Sources */ = {isa = PBXBuildFile; fileRef = A10000000000000000000128 /* LearningFlowUITests.swift */; };
		A10000000000000000000231 /* LifeAtlas.swift in Sources */ = {isa = PBXBuildFile; fileRef = A10000000000000000000129 /* LifeAtlas.swift */; };
		A10000000000000000000232 /* Mastery.swift in Sources */ = {isa = PBXBuildFile; fileRef = A10000000000000000000130 /* Mastery.swift */; };
		A10000000000000000000233 /* MasteryStore.swift in Sources */ = {isa = PBXBuildFile; fileRef = A10000000000000000000131 /* MasteryStore.swift */; };
		A10000000000000000000234 /* ScenarioDetailView.swift in Sources */ = {isa = PBXBuildFile; fileRef = A10000000000000000000132 /* ScenarioDetailView.swift */; };
		A10000000000000000000235 /* MasteryTests.swift in Sources */ = {isa = PBXBuildFile; fileRef = A10000000000000000000133 /* MasteryTests.swift */; };
		A10000000000000000000236 /* LifeAtlasTests.swift in Sources */ = {isa = PBXBuildFile; fileRef = A10000000000000000000134 /* LifeAtlasTests.swift */; };
		A10000000000000000000237 /* SessionPlanningTests.swift in Sources */ = {isa = PBXBuildFile; fileRef = A10000000000000000000135 /* SessionPlanningTests.swift */; };
		A10000000000000000000238 /* ContentCatalog.swift in Sources */ = {isa = PBXBuildFile; fileRef = A10000000000000000000136 /* ContentCatalog.swift */; };
		A10000000000000000000239 /* ContentCatalogTests.swift in Sources */ = {isa = PBXBuildFile; fileRef = A10000000000000000000137 /* ContentCatalogTests.swift */; };
		A10000000000000000000240 /* ContentPackProvider.swift in Sources */ = {isa = PBXBuildFile; fileRef = A10000000000000000000138 /* ContentPackProvider.swift */; };
		A10000000000000000000241 /* AnswerSync.swift in Sources */ = {isa = PBXBuildFile; fileRef = A10000000000000000000139 /* AnswerSync.swift */; };
		A10000000000000000000242 /* AnswerSyncQueue.swift in Sources */ = {isa = PBXBuildFile; fileRef = A10000000000000000000140 /* AnswerSyncQueue.swift */; };
		A10000000000000000000243 /* NetworkMonitor.swift in Sources */ = {isa = PBXBuildFile; fileRef = A10000000000000000000141 /* NetworkMonitor.swift */; };
		A10000000000000000000244 /* PerformanceBudget.swift in Sources */ = {isa = PBXBuildFile; fileRef = A10000000000000000000142 /* PerformanceBudget.swift */; };
		A10000000000000000000245 /* AnswerSyncTests.swift in Sources */ = {isa = PBXBuildFile; fileRef = A10000000000000000000143 /* AnswerSyncTests.swift */; };
		A10000000000000000000246 /* PracticalCheck.swift in Sources */ = {isa = PBXBuildFile; fileRef = A10000000000000000000144 /* PracticalCheck.swift */; };
		A10000000000000000000247 /* PracticalCheckTests.swift in Sources */ = {isa = PBXBuildFile; fileRef = A10000000000000000000145 /* PracticalCheckTests.swift */; };
		A10000000000000000000248 /* Rubric.swift in Sources */ = {isa = PBXBuildFile; fileRef = A10000000000000000000146 /* Rubric.swift */; };
		A10000000000000000000249 /* ResponseAssessment.swift in Sources */ = {isa = PBXBuildFile; fileRef = A10000000000000000000147 /* ResponseAssessment.swift */; };
		A10000000000000000000250 /* AssessmentQueue.swift in Sources */ = {isa = PBXBuildFile; fileRef = A10000000000000000000148 /* AssessmentQueue.swift */; };
		A10000000000000000000251 /* GoldenAnswerSuite.swift in Sources */ = {isa = PBXBuildFile; fileRef = A10000000000000000000149 /* GoldenAnswerSuite.swift */; };
		A10000000000000000000252 /* DemoAssessment.swift in Sources */ = {isa = PBXBuildFile; fileRef = A10000000000000000000150 /* DemoAssessment.swift */; };
		A10000000000000000000253 /* AssessmentTests.swift in Sources */ = {isa = PBXBuildFile; fileRef = A10000000000000000000151 /* AssessmentTests.swift */; };
		A10000000000000000000254 /* SpeechRecognitionCapability.swift in Sources */ = {isa = PBXBuildFile; fileRef = A10000000000000000000152 /* SpeechRecognitionCapability.swift */; };
		A10000000000000000000255 /* SpeechAccuracyProbe.swift in Sources */ = {isa = PBXBuildFile; fileRef = A10000000000000000000153 /* SpeechAccuracyProbe.swift */; };
		A10000000000000000000256 /* AssessmentCredentialStore.swift in Sources */ = {isa = PBXBuildFile; fileRef = A10000000000000000000154 /* AssessmentCredentialStore.swift */; };
		A10000000000000000000257 /* RelayResponseEvaluator.swift in Sources */ = {isa = PBXBuildFile; fileRef = A10000000000000000000155 /* RelayResponseEvaluator.swift */; };
		A10000000000000000000258 /* WritingTask.swift in Sources */ = {isa = PBXBuildFile; fileRef = A10000000000000000000156 /* WritingTask.swift */; };
		A10000000000000000000280 /* AdvancedTaskEntry.swift in Sources */ = {isa = PBXBuildFile; fileRef = A10000000000000000000180 /* AdvancedTaskEntry.swift */; };
		A10000000000000000000259 /* WritingTaskModel.swift in Sources */ = {isa = PBXBuildFile; fileRef = A10000000000000000000157 /* WritingTaskModel.swift */; };
		A10000000000000000000260 /* WritingTaskView.swift in Sources */ = {isa = PBXBuildFile; fileRef = A10000000000000000000158 /* WritingTaskView.swift */; };
		A10000000000000000000261 /* WritingTaskTests.swift in Sources */ = {isa = PBXBuildFile; fileRef = A10000000000000000000159 /* WritingTaskTests.swift */; };
		A10000000000000000000281 /* AdvancedTaskEntryTests.swift in Sources */ = {isa = PBXBuildFile; fileRef = A10000000000000000000181 /* AdvancedTaskEntryTests.swift */; };
/* End PBXBuildFile section */

/* Begin PBXContainerItemProxy section */
		A10000000000000000000300 /* PBXContainerItemProxy */ = {
			isa = PBXContainerItemProxy;
			containerPortal = A10000000000000000000001 /* Project object */;
			proxyType = 1;
			remoteGlobalIDString = A10000000000000000000008;
			remoteInfo = Kentei;
		};
		A10000000000000000000302 /* PBXContainerItemProxy */ = {
			isa = PBXContainerItemProxy;
			containerPortal = A10000000000000000000001 /* Project object */;
			proxyType = 1;
			remoteGlobalIDString = A10000000000000000000008;
			remoteInfo = Kentei;
		};
/* End PBXContainerItemProxy section */

/* Begin PBXFileReference section */
		B10000000000000000000100 /* OralTask.swift */ = {isa = PBXFileReference; lastKnownFileType = sourcecode.swift; path = Domain/OralTask.swift; sourceTree = "<group>"; };
		B10000000000000000000101 /* OralRecordingService.swift */ = {isa = PBXFileReference; lastKnownFileType = sourcecode.swift; path = Data/OralRecordingService.swift; sourceTree = "<group>"; };
		B10000000000000000000102 /* OralTaskModel.swift */ = {isa = PBXFileReference; lastKnownFileType = sourcecode.swift; path = Features/Assessment/OralTaskModel.swift; sourceTree = "<group>"; };
		B10000000000000000000103 /* OralTaskView.swift */ = {isa = PBXFileReference; lastKnownFileType = sourcecode.swift; path = Features/Assessment/OralTaskView.swift; sourceTree = "<group>"; };
		A10000000000000000000006 /* Kentei.app */ = {isa = PBXFileReference; explicitFileType = wrapper.application; includeInIndex = 0; path = Kentei.app; sourceTree = BUILT_PRODUCTS_DIR; };
		A10000000000000000000007 /* KenteiTests.xctest */ = {isa = PBXFileReference; explicitFileType = wrapper.cfbundle; includeInIndex = 0; path = KenteiTests.xctest; sourceTree = BUILT_PRODUCTS_DIR; };
		A10000000000000000000100 /* KenteiApp.swift */ = {isa = PBXFileReference; lastKnownFileType = sourcecode.swift; path = App/KenteiApp.swift; sourceTree = "<group>"; };
		A10000000000000000000101 /* RootView.swift */ = {isa = PBXFileReference; lastKnownFileType = sourcecode.swift; path = App/RootView.swift; sourceTree = "<group>"; };
		A10000000000000000000102 /* LearningSessionState.swift */ = {isa = PBXFileReference; lastKnownFileType = sourcecode.swift; path = Domain/LearningSessionState.swift; sourceTree = "<group>"; };
		A10000000000000000000103 /* KenteiTheme.swift */ = {isa = PBXFileReference; lastKnownFileType = sourcecode.swift; path = DesignSystem/KenteiTheme.swift; sourceTree = "<group>"; };
		A10000000000000000000104 /* KenteiComponents.swift */ = {isa = PBXFileReference; lastKnownFileType = sourcecode.swift; path = DesignSystem/KenteiComponents.swift; sourceTree = "<group>"; };
		A10000000000000000000105 /* HomeView.swift */ = {isa = PBXFileReference; lastKnownFileType = sourcecode.swift; path = Features/Home/HomeView.swift; sourceTree = "<group>"; };
		A10000000000000000000106 /* LearningSessionView.swift */ = {isa = PBXFileReference; lastKnownFileType = sourcecode.swift; path = Features/Learning/LearningSessionView.swift; sourceTree = "<group>"; };
		A10000000000000000000107 /* ScenarioAtlasView.swift */ = {isa = PBXFileReference; lastKnownFileType = sourcecode.swift; path = Features/ScenarioAtlas/ScenarioAtlasView.swift; sourceTree = "<group>"; };
		A10000000000000000000108 /* SupportingViews.swift */ = {isa = PBXFileReference; lastKnownFileType = sourcecode.swift; path = Features/Supporting/SupportingViews.swift; sourceTree = "<group>"; };
		A10000000000000000000109 /* Assets.xcassets */ = {isa = PBXFileReference; lastKnownFileType = folder.assetcatalog; path = Resources/Assets.xcassets; sourceTree = "<group>"; };
		A10000000000000000000110 /* Localizable.xcstrings */ = {isa = PBXFileReference; lastKnownFileType = text.json.xcstrings; path = Resources/Localizable.xcstrings; sourceTree = "<group>"; };
		B10000000000000000000104 /* InfoPlist.xcstrings */ = {isa = PBXFileReference; lastKnownFileType = text.json.xcstrings; path = Resources/InfoPlist.xcstrings; sourceTree = "<group>"; };
		A10000000000000000000111 /* LearningSessionStateTests.swift */ = {isa = PBXFileReference; lastKnownFileType = sourcecode.swift; path = LearningSessionStateTests.swift; sourceTree = "<group>"; };
		A10000000000000000000112 /* XCTest.framework */ = {isa = PBXFileReference; lastKnownFileType = wrapper.framework; name = XCTest.framework; path = System/Library/Frameworks/XCTest.framework; sourceTree = SDKROOT; };
		A10000000000000000000113 /* AppModel.swift */ = {isa = PBXFileReference; lastKnownFileType = sourcecode.swift; path = App/AppModel.swift; sourceTree = "<group>"; };
		A10000000000000000000114 /* SystemDependencies.swift */ = {isa = PBXFileReference; lastKnownFileType = sourcecode.swift; path = Core/SystemDependencies.swift; sourceTree = "<group>"; };
		A10000000000000000000115 /* LearningSessionSnapshot.swift */ = {isa = PBXFileReference; lastKnownFileType = sourcecode.swift; path = Domain/LearningSessionSnapshot.swift; sourceTree = "<group>"; };
		A10000000000000000000116 /* LearningSessionStore.swift */ = {isa = PBXFileReference; lastKnownFileType = sourcecode.swift; path = Data/LearningSessionStore.swift; sourceTree = "<group>"; };
		A10000000000000000000117 /* LearningSessionModel.swift */ = {isa = PBXFileReference; lastKnownFileType = sourcecode.swift; path = Features/Learning/LearningSessionModel.swift; sourceTree = "<group>"; };
		A10000000000000000000118 /* QuestionAudio.swift */ = {isa = PBXFileReference; lastKnownFileType = sourcecode.swift; path = Domain/QuestionAudio.swift; sourceTree = "<group>"; };
		A10000000000000000000119 /* SpeechQuestionAudioPlayer.swift */ = {isa = PBXFileReference; lastKnownFileType = sourcecode.swift; path = Data/SpeechQuestionAudioPlayer.swift; sourceTree = "<group>"; };
		A10000000000000000000120 /* LearningPreferences.swift */ = {isa = PBXFileReference; lastKnownFileType = sourcecode.swift; path = Core/LearningPreferences.swift; sourceTree = "<group>"; };
		A10000000000000000000121 /* TestDoubles.swift */ = {isa = PBXFileReference; lastKnownFileType = sourcecode.swift; path = TestDoubles.swift; sourceTree = "<group>"; };
		A10000000000000000000122 /* LearningSessionPersistenceTests.swift */ = {isa = PBXFileReference; lastKnownFileType = sourcecode.swift; path = LearningSessionPersistenceTests.swift; sourceTree = "<group>"; };
		A10000000000000000000123 /* LearningSessionModelTests.swift */ = {isa = PBXFileReference; lastKnownFileType = sourcecode.swift; path = LearningSessionModelTests.swift; sourceTree = "<group>"; };
		A10000000000000000000124 /* DemoLearningContent.swift */ = {isa = PBXFileReference; lastKnownFileType = sourcecode.swift; path = Domain/DemoLearningContent.swift; sourceTree = "<group>"; };
		A10000000000000000000125 /* LearnerProfile.swift */ = {isa = PBXFileReference; lastKnownFileType = sourcecode.swift; path = Domain/LearnerProfile.swift; sourceTree = "<group>"; };
		A10000000000000000000126 /* OnboardingView.swift */ = {isa = PBXFileReference; lastKnownFileType = sourcecode.swift; path = Features/Onboarding/OnboardingView.swift; sourceTree = "<group>"; };
		A10000000000000000000127 /* OnboardingTests.swift */ = {isa = PBXFileReference; lastKnownFileType = sourcecode.swift; path = OnboardingTests.swift; sourceTree = "<group>"; };
		A10000000000000000000033 /* KenteiUITests.xctest */ = {isa = PBXFileReference; explicitFileType = wrapper.cfbundle; includeInIndex = 0; path = KenteiUITests.xctest; sourceTree = BUILT_PRODUCTS_DIR; };
		A10000000000000000000128 /* LearningFlowUITests.swift */ = {isa = PBXFileReference; lastKnownFileType = sourcecode.swift; path = LearningFlowUITests.swift; sourceTree = "<group>"; };
		A10000000000000000000129 /* LifeAtlas.swift */ = {isa = PBXFileReference; lastKnownFileType = sourcecode.swift; path = Domain/LifeAtlas.swift; sourceTree = "<group>"; };
		A10000000000000000000130 /* Mastery.swift */ = {isa = PBXFileReference; lastKnownFileType = sourcecode.swift; path = Domain/Mastery.swift; sourceTree = "<group>"; };
		A10000000000000000000131 /* MasteryStore.swift */ = {isa = PBXFileReference; lastKnownFileType = sourcecode.swift; path = Data/MasteryStore.swift; sourceTree = "<group>"; };
		A10000000000000000000132 /* ScenarioDetailView.swift */ = {isa = PBXFileReference; lastKnownFileType = sourcecode.swift; path = Features/ScenarioAtlas/ScenarioDetailView.swift; sourceTree = "<group>"; };
		A10000000000000000000133 /* MasteryTests.swift */ = {isa = PBXFileReference; lastKnownFileType = sourcecode.swift; path = MasteryTests.swift; sourceTree = "<group>"; };
		A10000000000000000000134 /* LifeAtlasTests.swift */ = {isa = PBXFileReference; lastKnownFileType = sourcecode.swift; path = LifeAtlasTests.swift; sourceTree = "<group>"; };
		A10000000000000000000135 /* SessionPlanningTests.swift */ = {isa = PBXFileReference; lastKnownFileType = sourcecode.swift; path = SessionPlanningTests.swift; sourceTree = "<group>"; };
		A10000000000000000000136 /* ContentCatalog.swift */ = {isa = PBXFileReference; lastKnownFileType = sourcecode.swift; path = Domain/ContentCatalog.swift; sourceTree = "<group>"; };
		A10000000000000000000137 /* ContentCatalogTests.swift */ = {isa = PBXFileReference; lastKnownFileType = sourcecode.swift; path = ContentCatalogTests.swift; sourceTree = "<group>"; };
		A10000000000000000000138 /* ContentPackProvider.swift */ = {isa = PBXFileReference; lastKnownFileType = sourcecode.swift; path = Data/ContentPackProvider.swift; sourceTree = "<group>"; };
		A10000000000000000000139 /* AnswerSync.swift */ = {isa = PBXFileReference; lastKnownFileType = sourcecode.swift; path = Domain/AnswerSync.swift; sourceTree = "<group>"; };
		A10000000000000000000140 /* AnswerSyncQueue.swift */ = {isa = PBXFileReference; lastKnownFileType = sourcecode.swift; path = Data/AnswerSyncQueue.swift; sourceTree = "<group>"; };
		A10000000000000000000141 /* NetworkMonitor.swift */ = {isa = PBXFileReference; lastKnownFileType = sourcecode.swift; path = Core/NetworkMonitor.swift; sourceTree = "<group>"; };
		A10000000000000000000142 /* PerformanceBudget.swift */ = {isa = PBXFileReference; lastKnownFileType = sourcecode.swift; path = Core/PerformanceBudget.swift; sourceTree = "<group>"; };
		A10000000000000000000143 /* AnswerSyncTests.swift */ = {isa = PBXFileReference; lastKnownFileType = sourcecode.swift; path = AnswerSyncTests.swift; sourceTree = "<group>"; };
		A10000000000000000000144 /* PracticalCheck.swift */ = {isa = PBXFileReference; lastKnownFileType = sourcecode.swift; path = Domain/PracticalCheck.swift; sourceTree = "<group>"; };
		A10000000000000000000145 /* PracticalCheckTests.swift */ = {isa = PBXFileReference; lastKnownFileType = sourcecode.swift; path = PracticalCheckTests.swift; sourceTree = "<group>"; };
		A10000000000000000000146 /* Rubric.swift */ = {isa = PBXFileReference; lastKnownFileType = sourcecode.swift; path = Domain/Rubric.swift; sourceTree = "<group>"; };
		A10000000000000000000147 /* ResponseAssessment.swift */ = {isa = PBXFileReference; lastKnownFileType = sourcecode.swift; path = Domain/ResponseAssessment.swift; sourceTree = "<group>"; };
		A10000000000000000000148 /* AssessmentQueue.swift */ = {isa = PBXFileReference; lastKnownFileType = sourcecode.swift; path = Data/AssessmentQueue.swift; sourceTree = "<group>"; };
		A10000000000000000000149 /* GoldenAnswerSuite.swift */ = {isa = PBXFileReference; lastKnownFileType = sourcecode.swift; path = Domain/GoldenAnswerSuite.swift; sourceTree = "<group>"; };
		A10000000000000000000150 /* DemoAssessment.swift */ = {isa = PBXFileReference; lastKnownFileType = sourcecode.swift; path = Domain/DemoAssessment.swift; sourceTree = "<group>"; };
		A10000000000000000000151 /* AssessmentTests.swift */ = {isa = PBXFileReference; lastKnownFileType = sourcecode.swift; path = AssessmentTests.swift; sourceTree = "<group>"; };
		A10000000000000000000152 /* SpeechRecognitionCapability.swift */ = {isa = PBXFileReference; lastKnownFileType = sourcecode.swift; path = Core/SpeechRecognitionCapability.swift; sourceTree = "<group>"; };
		A10000000000000000000153 /* SpeechAccuracyProbe.swift */ = {isa = PBXFileReference; lastKnownFileType = sourcecode.swift; path = Core/SpeechAccuracyProbe.swift; sourceTree = "<group>"; };
		A10000000000000000000154 /* AssessmentCredentialStore.swift */ = {isa = PBXFileReference; lastKnownFileType = sourcecode.swift; path = Core/AssessmentCredentialStore.swift; sourceTree = "<group>"; };
		A10000000000000000000155 /* RelayResponseEvaluator.swift */ = {isa = PBXFileReference; lastKnownFileType = sourcecode.swift; path = Data/RelayResponseEvaluator.swift; sourceTree = "<group>"; };
		A10000000000000000000156 /* WritingTask.swift */ = {isa = PBXFileReference; lastKnownFileType = sourcecode.swift; path = Domain/WritingTask.swift; sourceTree = "<group>"; };
		A10000000000000000000180 /* AdvancedTaskEntry.swift */ = {isa = PBXFileReference; lastKnownFileType = sourcecode.swift; path = Domain/AdvancedTaskEntry.swift; sourceTree = "<group>"; };
		A10000000000000000000157 /* WritingTaskModel.swift */ = {isa = PBXFileReference; lastKnownFileType = sourcecode.swift; path = Features/Assessment/WritingTaskModel.swift; sourceTree = "<group>"; };
		A10000000000000000000158 /* WritingTaskView.swift */ = {isa = PBXFileReference; lastKnownFileType = sourcecode.swift; path = Features/Assessment/WritingTaskView.swift; sourceTree = "<group>"; };
		A10000000000000000000159 /* WritingTaskTests.swift */ = {isa = PBXFileReference; lastKnownFileType = sourcecode.swift; path = WritingTaskTests.swift; sourceTree = "<group>"; };
		A10000000000000000000181 /* AdvancedTaskEntryTests.swift */ = {isa = PBXFileReference; lastKnownFileType = sourcecode.swift; path = AdvancedTaskEntryTests.swift; sourceTree = "<group>"; };
/* End PBXFileReference section */

/* Begin PBXFrameworksBuildPhase section */
		A10000000000000000000012 /* Frameworks */ = {
			isa = PBXFrameworksBuildPhase;
			buildActionMask = 2147483647;
			files = (
			);
			runOnlyForDeploymentPostprocessing = 0;
		};
		A10000000000000000000013 /* Frameworks */ = {
			isa = PBXFrameworksBuildPhase;
			buildActionMask = 2147483647;
			files = (
				A10000000000000000000213 /* XCTest.framework in Frameworks */,
			);
			runOnlyForDeploymentPostprocessing = 0;
		};
		A10000000000000000000030 /* Frameworks */ = {
			isa = PBXFrameworksBuildPhase;
			buildActionMask = 2147483647;
			files = (
				A10000000000000000000229 /* XCTest.framework in Frameworks */,
			);
			runOnlyForDeploymentPostprocessing = 0;
		};
/* End PBXFrameworksBuildPhase section */

/* Begin PBXGroup section */
		A10000000000000000000002 = {
			isa = PBXGroup;
			children = (
				A10000000000000000000004 /* Kentei */,
				A10000000000000000000005 /* KenteiTests */,
				A10000000000000000000032 /* KenteiUITests */,
				A10000000000000000000112 /* XCTest.framework */,
				A10000000000000000000003 /* Products */,
			);
			sourceTree = "<group>";
		};
		A10000000000000000000003 /* Products */ = {
			isa = PBXGroup;
			children = (
				A10000000000000000000006 /* Kentei.app */,
				A10000000000000000000007 /* KenteiTests.xctest */,
				A10000000000000000000033 /* KenteiUITests.xctest */,
			);
			name = Products;
			sourceTree = "<group>";
		};
		A10000000000000000000004 /* Kentei */ = {
			isa = PBXGroup;
			children = (
				A10000000000000000000158 /* WritingTaskView.swift */,
				B10000000000000000000100 /* OralTask.swift */,
				B10000000000000000000101 /* OralRecordingService.swift */,
				B10000000000000000000102 /* OralTaskModel.swift */,
				B10000000000000000000103 /* OralTaskView.swift */,
				A10000000000000000000157 /* WritingTaskModel.swift */,
				A10000000000000000000156 /* WritingTask.swift */,
				A10000000000000000000180 /* AdvancedTaskEntry.swift */,
				A10000000000000000000155 /* RelayResponseEvaluator.swift */,
				A10000000000000000000154 /* AssessmentCredentialStore.swift */,
				A10000000000000000000153 /* SpeechAccuracyProbe.swift */,
				A10000000000000000000152 /* SpeechRecognitionCapability.swift */,
				A10000000000000000000150 /* DemoAssessment.swift */,
				A10000000000000000000149 /* GoldenAnswerSuite.swift */,
				A10000000000000000000148 /* AssessmentQueue.swift */,
				A10000000000000000000147 /* ResponseAssessment.swift */,
				A10000000000000000000146 /* Rubric.swift */,
				A10000000000000000000144 /* PracticalCheck.swift */,
				A10000000000000000000142 /* PerformanceBudget.swift */,
				A10000000000000000000141 /* NetworkMonitor.swift */,
				A10000000000000000000140 /* AnswerSyncQueue.swift */,
				A10000000000000000000139 /* AnswerSync.swift */,
				A10000000000000000000138 /* ContentPackProvider.swift */,
				A10000000000000000000136 /* ContentCatalog.swift */,
				A10000000000000000000132 /* ScenarioDetailView.swift */,
				A10000000000000000000131 /* MasteryStore.swift */,
				A10000000000000000000130 /* Mastery.swift */,
				A10000000000000000000129 /* LifeAtlas.swift */,
				A10000000000000000000126 /* OnboardingView.swift */,
				A10000000000000000000125 /* LearnerProfile.swift */,
				A10000000000000000000124 /* DemoLearningContent.swift */,
				A10000000000000000000120 /* LearningPreferences.swift */,
				A10000000000000000000119 /* SpeechQuestionAudioPlayer.swift */,
				A10000000000000000000118 /* QuestionAudio.swift */,
				A10000000000000000000117 /* LearningSessionModel.swift */,
				A10000000000000000000116 /* LearningSessionStore.swift */,
				A10000000000000000000115 /* LearningSessionSnapshot.swift */,
				A10000000000000000000114 /* SystemDependencies.swift */,
				A10000000000000000000113 /* AppModel.swift */,
				A10000000000000000000100 /* KenteiApp.swift */,
				A10000000000000000000101 /* RootView.swift */,
				A10000000000000000000102 /* LearningSessionState.swift */,
				A10000000000000000000103 /* KenteiTheme.swift */,
				A10000000000000000000104 /* KenteiComponents.swift */,
				A10000000000000000000105 /* HomeView.swift */,
				A10000000000000000000106 /* LearningSessionView.swift */,
				A10000000000000000000107 /* ScenarioAtlasView.swift */,
				A10000000000000000000108 /* SupportingViews.swift */,
				A10000000000000000000109 /* Assets.xcassets */,
				A10000000000000000000110 /* Localizable.xcstrings */,
				B10000000000000000000104 /* InfoPlist.xcstrings */,
			);
			path = Kentei;
			sourceTree = "<group>";
		};
		A10000000000000000000032 /* KenteiUITests */ = {
			isa = PBXGroup;
			children = (
				A10000000000000000000128 /* LearningFlowUITests.swift */,
			);
			path = KenteiUITests;
			sourceTree = "<group>";
		};
		A10000000000000000000005 /* KenteiTests */ = {
			isa = PBXGroup;
			children = (
				A10000000000000000000159 /* WritingTaskTests.swift */,
				A10000000000000000000181 /* AdvancedTaskEntryTests.swift */,
				A10000000000000000000151 /* AssessmentTests.swift */,
				A10000000000000000000145 /* PracticalCheckTests.swift */,
				A10000000000000000000143 /* AnswerSyncTests.swift */,
				A10000000000000000000137 /* ContentCatalogTests.swift */,
				A10000000000000000000135 /* SessionPlanningTests.swift */,
				A10000000000000000000134 /* LifeAtlasTests.swift */,
				A10000000000000000000133 /* MasteryTests.swift */,
				A10000000000000000000127 /* OnboardingTests.swift */,
				A10000000000000000000123 /* LearningSessionModelTests.swift */,
				A10000000000000000000122 /* LearningSessionPersistenceTests.swift */,
				A10000000000000000000121 /* TestDoubles.swift */,
				A10000000000000000000111 /* LearningSessionStateTests.swift */,
			);
			path = KenteiTests;
			sourceTree = "<group>";
		};
/* End PBXGroup section */

/* Begin PBXNativeTarget section */
		A10000000000000000000008 /* Kentei */ = {
			isa = PBXNativeTarget;
			buildConfigurationList = A10000000000000000000017 /* Build configuration list for PBXNativeTarget "Kentei" */;
			buildPhases = (
				A10000000000000000000010 /* Sources */,
				A10000000000000000000012 /* Frameworks */,
				A10000000000000000000014 /* Resources */,
				A10000000000000000000034 /* Embed assessment token */,
			);
			buildRules = (
			);
			dependencies = (
			);
			name = Kentei;
			productName = Kentei;
			productReference = A10000000000000000000006 /* Kentei.app */;
			productType = "com.apple.product-type.application";
		};
		A10000000000000000000009 /* KenteiTests */ = {
			isa = PBXNativeTarget;
			buildConfigurationList = A10000000000000000000018 /* Build configuration list for PBXNativeTarget "KenteiTests" */;
			buildPhases = (
				A10000000000000000000011 /* Sources */,
				A10000000000000000000013 /* Frameworks */,
				A10000000000000000000015 /* Resources */,
			);
			buildRules = (
			);
			dependencies = (
				A10000000000000000000301 /* PBXTargetDependency */,
			);
			name = KenteiTests;
			productName = KenteiTests;
			productReference = A10000000000000000000007 /* KenteiTests.xctest */;
			productType = "com.apple.product-type.bundle.unit-test";
		};
		A10000000000000000000025 /* KenteiUITests */ = {
			isa = PBXNativeTarget;
			buildConfigurationList = A10000000000000000000026 /* Build configuration list for PBXNativeTarget "KenteiUITests" */;
			buildPhases = (
				A10000000000000000000029 /* Sources */,
				A10000000000000000000030 /* Frameworks */,
				A10000000000000000000031 /* Resources */,
			);
			buildRules = (
			);
			dependencies = (
				A10000000000000000000303 /* PBXTargetDependency */,
			);
			name = KenteiUITests;
			productName = KenteiUITests;
			productReference = A10000000000000000000033 /* KenteiUITests.xctest */;
			productType = "com.apple.product-type.bundle.ui-testing";
		};
/* End PBXNativeTarget section */

/* Begin PBXProject section */
		A10000000000000000000001 /* Project object */ = {
			isa = PBXProject;
			attributes = {
				BuildIndependentTargetsInParallel = 1;
				LastSwiftUpdateCheck = 2630;
				LastUpgradeCheck = 2630;
				TargetAttributes = {
					A10000000000000000000008 = {
						CreatedOnToolsVersion = 26.3;
					};
					A10000000000000000000009 = {
						CreatedOnToolsVersion = 26.3;
						TestTargetID = A10000000000000000000008;
					};
					A10000000000000000000025 = {
						CreatedOnToolsVersion = 26.3;
						TestTargetID = A10000000000000000000008;
					};
				};
			};
			buildConfigurationList = A10000000000000000000016 /* Build configuration list for PBXProject "Kentei" */;
			compatibilityVersion = "Xcode 14.0";
			developmentRegion = ja;
			hasScannedForEncodings = 0;
			knownRegions = (
				ja,
				id,
				Base,
			);
			mainGroup = A10000000000000000000002;
			productRefGroup = A10000000000000000000003 /* Products */;
			projectDirPath = "";
			projectRoot = "";
			targets = (
				A10000000000000000000008 /* Kentei */,
				A10000000000000000000009 /* KenteiTests */,
				A10000000000000000000025 /* KenteiUITests */,
			);
		};
/* End PBXProject section */

/* Begin PBXShellScriptBuildPhase section */
		A10000000000000000000034 /* Embed assessment token */ = {
			isa = PBXShellScriptBuildPhase;
			alwaysOutOfDate = 1;
			buildActionMask = 2147483647;
			files = (
			);
			inputPaths = (
			);
			name = "Embed assessment token";
			outputPaths = (
			);
			runOnlyForDeploymentPostprocessing = 0;
			shellPath = /bin/sh;
			showEnvVarsInLog = 0;
			shellScript = "# 採点サーバーの呼び出しトークンをアプリへ埋め込む。\n#\n# 値はリポジトリに含めず Secrets/assessment-token.txt（追跡対象外）から読む。\n# ファイルが無い環境でもビルドは通り、その場合は採点だけが使えない状態になる。\n#\n# ログにトークンを出さないこと。ビルドログは共有されうる。\nset -eu\nset +x\n\nTOKEN_FILE=\"${SRCROOT}/Secrets/assessment-token.txt\"\nPLIST=\"${BUILT_PRODUCTS_DIR}/${UNLOCALIZED_RESOURCES_FOLDER_PATH}/AssessmentSecrets.plist\"\n\nrm -f \"${PLIST}\"\n\nif [ ! -f \"${TOKEN_FILE}\" ]; then\n  echo \"note: Secrets/assessment-token.txt がないため採点トークンを埋め込みません\"\n  exit 0\nfi\n\nTOKEN=\"$(tr -d '\\r\\n' < \"${TOKEN_FILE}\")\"\nif [ -z \"${TOKEN}\" ]; then\n  echo \"warning: Secrets/assessment-token.txt が空です\"\n  exit 0\nfi\n\n/usr/bin/plutil -create xml1 \"${PLIST}\"\n/usr/bin/plutil -insert clientToken -string \"${TOKEN}\" \"${PLIST}\"\necho \"note: 採点トークンを埋め込みました（${#TOKEN} 文字）\"\n";
		};
/* End PBXShellScriptBuildPhase section */

/* Begin PBXResourcesBuildPhase section */
		A10000000000000000000014 /* Resources */ = {
			isa = PBXResourcesBuildPhase;
			buildActionMask = 2147483647;
			files = (
				A10000000000000000000210 /* Assets.xcassets in Resources */,
				A10000000000000000000211 /* Localizable.xcstrings in Resources */,
				B10000000000000000000204 /* InfoPlist.xcstrings in Resources */,
			);
			runOnlyForDeploymentPostprocessing = 0;
		};
		A10000000000000000000015 /* Resources */ = {
			isa = PBXResourcesBuildPhase;
			buildActionMask = 2147483647;
			files = (
			);
			runOnlyForDeploymentPostprocessing = 0;
		};
		A10000000000000000000031 /* Resources */ = {
			isa = PBXResourcesBuildPhase;
			buildActionMask = 2147483647;
			files = (
			);
			runOnlyForDeploymentPostprocessing = 0;
		};
/* End PBXResourcesBuildPhase section */

/* Begin PBXSourcesBuildPhase section */
		A10000000000000000000010 /* Sources */ = {
			isa = PBXSourcesBuildPhase;
			buildActionMask = 2147483647;
			files = (
				A10000000000000000000260 /* WritingTaskView.swift in Sources */,
				B10000000000000000000200 /* OralTask.swift in Sources */,
				B10000000000000000000201 /* OralRecordingService.swift in Sources */,
				B10000000000000000000202 /* OralTaskModel.swift in Sources */,
				B10000000000000000000203 /* OralTaskView.swift in Sources */,
				A10000000000000000000259 /* WritingTaskModel.swift in Sources */,
				A10000000000000000000258 /* WritingTask.swift in Sources */,
				A10000000000000000000280 /* AdvancedTaskEntry.swift in Sources */,
				A10000000000000000000257 /* RelayResponseEvaluator.swift in Sources */,
				A10000000000000000000256 /* AssessmentCredentialStore.swift in Sources */,
				A10000000000000000000255 /* SpeechAccuracyProbe.swift in Sources */,
				A10000000000000000000254 /* SpeechRecognitionCapability.swift in Sources */,
				A10000000000000000000252 /* DemoAssessment.swift in Sources */,
				A10000000000000000000251 /* GoldenAnswerSuite.swift in Sources */,
				A10000000000000000000250 /* AssessmentQueue.swift in Sources */,
				A10000000000000000000249 /* ResponseAssessment.swift in Sources */,
				A10000000000000000000248 /* Rubric.swift in Sources */,
				A10000000000000000000246 /* PracticalCheck.swift in Sources */,
				A10000000000000000000244 /* PerformanceBudget.swift in Sources */,
				A10000000000000000000243 /* NetworkMonitor.swift in Sources */,
				A10000000000000000000242 /* AnswerSyncQueue.swift in Sources */,
				A10000000000000000000241 /* AnswerSync.swift in Sources */,
				A10000000000000000000240 /* ContentPackProvider.swift in Sources */,
				A10000000000000000000238 /* ContentCatalog.swift in Sources */,
				A10000000000000000000234 /* ScenarioDetailView.swift in Sources */,
				A10000000000000000000233 /* MasteryStore.swift in Sources */,
				A10000000000000000000232 /* Mastery.swift in Sources */,
				A10000000000000000000231 /* LifeAtlas.swift in Sources */,
				A10000000000000000000227 /* OnboardingView.swift in Sources */,
				A10000000000000000000226 /* LearnerProfile.swift in Sources */,
				A10000000000000000000225 /* DemoLearningContent.swift in Sources */,
				A10000000000000000000221 /* LearningPreferences.swift in Sources */,
				A10000000000000000000220 /* SpeechQuestionAudioPlayer.swift in Sources */,
				A10000000000000000000219 /* QuestionAudio.swift in Sources */,
				A10000000000000000000218 /* LearningSessionModel.swift in Sources */,
				A10000000000000000000217 /* LearningSessionStore.swift in Sources */,
				A10000000000000000000216 /* LearningSessionSnapshot.swift in Sources */,
				A10000000000000000000215 /* SystemDependencies.swift in Sources */,
				A10000000000000000000214 /* AppModel.swift in Sources */,
				A10000000000000000000201 /* KenteiApp.swift in Sources */,
				A10000000000000000000202 /* RootView.swift in Sources */,
				A10000000000000000000203 /* LearningSessionState.swift in Sources */,
				A10000000000000000000204 /* KenteiTheme.swift in Sources */,
				A10000000000000000000205 /* KenteiComponents.swift in Sources */,
				A10000000000000000000206 /* HomeView.swift in Sources */,
				A10000000000000000000207 /* LearningSessionView.swift in Sources */,
				A10000000000000000000208 /* ScenarioAtlasView.swift in Sources */,
				A10000000000000000000209 /* SupportingViews.swift in Sources */,
			);
			runOnlyForDeploymentPostprocessing = 0;
		};
		A10000000000000000000011 /* Sources */ = {
			isa = PBXSourcesBuildPhase;
			buildActionMask = 2147483647;
			files = (
				A10000000000000000000261 /* WritingTaskTests.swift in Sources */,
				A10000000000000000000281 /* AdvancedTaskEntryTests.swift in Sources */,
				A10000000000000000000253 /* AssessmentTests.swift in Sources */,
				A10000000000000000000247 /* PracticalCheckTests.swift in Sources */,
				A10000000000000000000245 /* AnswerSyncTests.swift in Sources */,
				A10000000000000000000239 /* ContentCatalogTests.swift in Sources */,
				A10000000000000000000237 /* SessionPlanningTests.swift in Sources */,
				A10000000000000000000236 /* LifeAtlasTests.swift in Sources */,
				A10000000000000000000235 /* MasteryTests.swift in Sources */,
				A10000000000000000000228 /* OnboardingTests.swift in Sources */,
				A10000000000000000000224 /* LearningSessionModelTests.swift in Sources */,
				A10000000000000000000223 /* LearningSessionPersistenceTests.swift in Sources */,
				A10000000000000000000222 /* TestDoubles.swift in Sources */,
				A10000000000000000000212 /* LearningSessionStateTests.swift in Sources */,
			);
			runOnlyForDeploymentPostprocessing = 0;
		};
		A10000000000000000000029 /* Sources */ = {
			isa = PBXSourcesBuildPhase;
			buildActionMask = 2147483647;
			files = (
				A10000000000000000000230 /* LearningFlowUITests.swift in Sources */,
			);
			runOnlyForDeploymentPostprocessing = 0;
		};
/* End PBXSourcesBuildPhase section */

/* Begin PBXTargetDependency section */
		A10000000000000000000301 /* PBXTargetDependency */ = {
			isa = PBXTargetDependency;
			target = A10000000000000000000008 /* Kentei */;
			targetProxy = A10000000000000000000300 /* PBXContainerItemProxy */;
		};
		A10000000000000000000303 /* PBXTargetDependency */ = {
			isa = PBXTargetDependency;
			target = A10000000000000000000008 /* Kentei */;
			targetProxy = A10000000000000000000302 /* PBXContainerItemProxy */;
		};
/* End PBXTargetDependency section */

/* Begin XCBuildConfiguration section */
		A10000000000000000000019 /* Debug */ = {
			isa = XCBuildConfiguration;
			buildSettings = {
				ALWAYS_SEARCH_USER_PATHS = NO;
				CLANG_ENABLE_MODULES = YES;
				CLANG_ENABLE_OBJC_ARC = YES;
				COPY_PHASE_STRIP = NO;
				DEBUG_INFORMATION_FORMAT = dwarf;
				ENABLE_TESTABILITY = YES;
				GCC_C_LANGUAGE_STANDARD = gnu17;
				GCC_OPTIMIZATION_LEVEL = 0;
				IPHONEOS_DEPLOYMENT_TARGET = 17.0;
				MTL_ENABLE_DEBUG_INFO = INCLUDE_SOURCE;
				ONLY_ACTIVE_ARCH = YES;
				SDKROOT = iphoneos;
				SWIFT_ACTIVE_COMPILATION_CONDITIONS = "DEBUG $(inherited)";
				SWIFT_OPTIMIZATION_LEVEL = "-Onone";
			};
			name = Debug;
		};
		A10000000000000000000020 /* Release */ = {
			isa = XCBuildConfiguration;
			buildSettings = {
				ALWAYS_SEARCH_USER_PATHS = NO;
				CLANG_ENABLE_MODULES = YES;
				CLANG_ENABLE_OBJC_ARC = YES;
				COPY_PHASE_STRIP = YES;
				DEBUG_INFORMATION_FORMAT = "dwarf-with-dsym";
				GCC_C_LANGUAGE_STANDARD = gnu17;
				IPHONEOS_DEPLOYMENT_TARGET = 17.0;
				MTL_ENABLE_DEBUG_INFO = NO;
				SDKROOT = iphoneos;
				SWIFT_COMPILATION_MODE = wholemodule;
		};
			name = Release;
		};
		A10000000000000000000021 /* Debug */ = {
			isa = XCBuildConfiguration;
			buildSettings = {
				ASSETCATALOG_COMPILER_APPICON_NAME = AppIcon;
				ASSETCATALOG_COMPILER_GLOBAL_ACCENT_COLOR_NAME = AccentColor;
				CODE_SIGN_STYLE = Automatic;
				DEVELOPMENT_TEAM = MZV3DAL469;
				CURRENT_PROJECT_VERSION = 1;
				ENABLE_PREVIEWS = YES;
				GENERATE_INFOPLIST_FILE = YES;
				INFOPLIST_KEY_CFBundleDisplayName = Kentei;
				INFOPLIST_KEY_LSApplicationCategoryType = "public.app-category.education";
				INFOPLIST_KEY_NSSpeechRecognitionUsageDescription = "発話の内容を文字にして、学習の採点に使います。音声は端末の中だけで処理します。";
				INFOPLIST_KEY_NSMicrophoneUsageDescription = "スピーチ・面接の練習を録音し、端末内で文字起こしします。";
				INFOPLIST_KEY_UIApplicationSceneManifest_Generation = YES;
				INFOPLIST_KEY_UIApplicationSupportsIndirectInputEvents = YES;
				INFOPLIST_KEY_UILaunchScreen_Generation = YES;
				IPHONEOS_DEPLOYMENT_TARGET = 17.0;
				MARKETING_VERSION = 1.0;
				PRODUCT_BUNDLE_IDENTIFIER = com.tomohirok.kentei;
				PRODUCT_NAME = "$(TARGET_NAME)";
				SWIFT_EMIT_LOC_STRINGS = YES;
				SWIFT_STRICT_CONCURRENCY = complete;
				SWIFT_VERSION = 6.0;
				TARGETED_DEVICE_FAMILY = "1,2";
			};
			name = Debug;
		};
		A10000000000000000000022 /* Release */ = {
			isa = XCBuildConfiguration;
			buildSettings = {
				ASSETCATALOG_COMPILER_APPICON_NAME = AppIcon;
				ASSETCATALOG_COMPILER_GLOBAL_ACCENT_COLOR_NAME = AccentColor;
				CODE_SIGN_STYLE = Automatic;
				DEVELOPMENT_TEAM = MZV3DAL469;
				CURRENT_PROJECT_VERSION = 1;
				GENERATE_INFOPLIST_FILE = YES;
				INFOPLIST_KEY_CFBundleDisplayName = Kentei;
				INFOPLIST_KEY_LSApplicationCategoryType = "public.app-category.education";
				INFOPLIST_KEY_NSSpeechRecognitionUsageDescription = "発話の内容を文字にして、学習の採点に使います。音声は端末の中だけで処理します。";
				INFOPLIST_KEY_NSMicrophoneUsageDescription = "スピーチ・面接の練習を録音し、端末内で文字起こしします。";
				INFOPLIST_KEY_UIApplicationSceneManifest_Generation = YES;
				INFOPLIST_KEY_UIApplicationSupportsIndirectInputEvents = YES;
				INFOPLIST_KEY_UILaunchScreen_Generation = YES;
				IPHONEOS_DEPLOYMENT_TARGET = 17.0;
				MARKETING_VERSION = 1.0;
				PRODUCT_BUNDLE_IDENTIFIER = com.tomohirok.kentei;
				PRODUCT_NAME = "$(TARGET_NAME)";
				SWIFT_EMIT_LOC_STRINGS = YES;
				SWIFT_STRICT_CONCURRENCY = complete;
				SWIFT_VERSION = 6.0;
				TARGETED_DEVICE_FAMILY = "1,2";
				VALIDATE_PRODUCT = YES;
			};
			name = Release;
		};
		A10000000000000000000023 /* Debug */ = {
			isa = XCBuildConfiguration;
			buildSettings = {
				BUNDLE_LOADER = "$(TEST_HOST)";
				CODE_SIGN_STYLE = Automatic;
				DEVELOPMENT_TEAM = MZV3DAL469;
				GENERATE_INFOPLIST_FILE = YES;
				IPHONEOS_DEPLOYMENT_TARGET = 17.0;
				PRODUCT_BUNDLE_IDENTIFIER = com.tomohirok.kentei.tests;
				PRODUCT_NAME = "$(TARGET_NAME)";
				SWIFT_STRICT_CONCURRENCY = complete;
				SWIFT_VERSION = 6.0;
				TARGETED_DEVICE_FAMILY = "1,2";
				TEST_HOST = "$(BUILT_PRODUCTS_DIR)/Kentei.app/$(BUNDLE_EXECUTABLE_FOLDER_PATH)/Kentei";
			};
			name = Debug;
		};
		A10000000000000000000024 /* Release */ = {
			isa = XCBuildConfiguration;
			buildSettings = {
				BUNDLE_LOADER = "$(TEST_HOST)";
				CODE_SIGN_STYLE = Automatic;
				DEVELOPMENT_TEAM = MZV3DAL469;
				GENERATE_INFOPLIST_FILE = YES;
				IPHONEOS_DEPLOYMENT_TARGET = 17.0;
				PRODUCT_BUNDLE_IDENTIFIER = com.tomohirok.kentei.tests;
				PRODUCT_NAME = "$(TARGET_NAME)";
				SWIFT_STRICT_CONCURRENCY = complete;
				SWIFT_VERSION = 6.0;
				TARGETED_DEVICE_FAMILY = "1,2";
				TEST_HOST = "$(BUILT_PRODUCTS_DIR)/Kentei.app/$(BUNDLE_EXECUTABLE_FOLDER_PATH)/Kentei";
			};
			name = Release;
		};
		A10000000000000000000027 /* Debug */ = {
			isa = XCBuildConfiguration;
			buildSettings = {
				CODE_SIGN_STYLE = Automatic;
				DEVELOPMENT_TEAM = MZV3DAL469;
				GENERATE_INFOPLIST_FILE = YES;
				IPHONEOS_DEPLOYMENT_TARGET = 17.0;
				PRODUCT_BUNDLE_IDENTIFIER = com.tomohirok.kentei.uitests;
				PRODUCT_NAME = "$(TARGET_NAME)";
				SWIFT_STRICT_CONCURRENCY = complete;
				SWIFT_VERSION = 6.0;
				TARGETED_DEVICE_FAMILY = "1,2";
				TEST_TARGET_NAME = Kentei;
			};
			name = Debug;
		};
		A10000000000000000000028 /* Release */ = {
			isa = XCBuildConfiguration;
			buildSettings = {
				CODE_SIGN_STYLE = Automatic;
				DEVELOPMENT_TEAM = MZV3DAL469;
				GENERATE_INFOPLIST_FILE = YES;
				IPHONEOS_DEPLOYMENT_TARGET = 17.0;
				PRODUCT_BUNDLE_IDENTIFIER = com.tomohirok.kentei.uitests;
				PRODUCT_NAME = "$(TARGET_NAME)";
				SWIFT_STRICT_CONCURRENCY = complete;
				SWIFT_VERSION = 6.0;
				TARGETED_DEVICE_FAMILY = "1,2";
				TEST_TARGET_NAME = Kentei;
			};
			name = Release;
		};
/* End XCBuildConfiguration section */

/* Begin XCConfigurationList section */
		A10000000000000000000016 /* Build configuration list for PBXProject "Kentei" */ = {
			isa = XCConfigurationList;
			buildConfigurations = (
				A10000000000000000000019 /* Debug */,
				A10000000000000000000020 /* Release */,
			);
			defaultConfigurationIsVisible = 0;
			defaultConfigurationName = Release;
		};
		A10000000000000000000017 /* Build configuration list for PBXNativeTarget "Kentei" */ = {
			isa = XCConfigurationList;
			buildConfigurations = (
				A10000000000000000000021 /* Debug */,
				A10000000000000000000022 /* Release */,
			);
			defaultConfigurationIsVisible = 0;
			defaultConfigurationName = Release;
		};
		A10000000000000000000018 /* Build configuration list for PBXNativeTarget "KenteiTests" */ = {
			isa = XCConfigurationList;
			buildConfigurations = (
				A10000000000000000000023 /* Debug */,
				A10000000000000000000024 /* Release */,
			);
			defaultConfigurationIsVisible = 0;
			defaultConfigurationName = Release;
		};
		A10000000000000000000026 /* Build configuration list for PBXNativeTarget "KenteiUITests" */ = {
			isa = XCConfigurationList;
			buildConfigurations = (
				A10000000000000000000027 /* Debug */,
				A10000000000000000000028 /* Release */,
			);
			defaultConfigurationIsVisible = 0;
			defaultConfigurationName = Release;
		};
/* End XCConfigurationList section */
	};
	rootObject = A10000000000000000000001 /* Project object */;
}
